# THIS IS AN AUTOGENERATED FILE. DO NOT EDIT THIS FILE DIRECTLY.
# yarn lockfile v1


"@aws-cdk/assets@1.147.0":
  version "1.147.0"
  resolved "https://registry.yarnpkg.com/@aws-cdk/assets/-/assets-1.147.0.tgz#4333e2de99a5c7c652276788e35e961623f0862c"
  integrity sha512-Fz5PB/cXPCeQUk0eNPQkYzzSG7encauGLT7Hm/egIavP6EKwGYxxkmy90SOHSOYg3FXjZxi5+evbyhL+2NAgRw==
  dependencies:
    "@aws-cdk/core" "1.147.0"
    "@aws-cdk/cx-api" "1.147.0"
    constructs "^3.3.69"

"@aws-cdk/aws-acmpca@1.147.0":
  version "1.147.0"
  resolved "https://registry.yarnpkg.com/@aws-cdk/aws-acmpca/-/aws-acmpca-1.147.0.tgz#275c380166f00806a653225e34f11ca9673eb0f2"
  integrity sha512-2rZLCCe0AgzHnZjjunH6L0otP98AKSw0XO/m9UggJKBbDSnrna34RAbsk9QSo/EK2bm61cel2Co+7Cu4mWHnWQ==
  dependencies:
    "@aws-cdk/core" "1.147.0"
    constructs "^3.3.69"

"@aws-cdk/aws-apigateway@1.147.0":
  version "1.147.0"
  resolved "https://registry.yarnpkg.com/@aws-cdk/aws-apigateway/-/aws-apigateway-1.147.0.tgz#c91164300004ec64ffb91072482b7c6296c1301b"
  integrity sha512-dGA7+6kLV5g9XAD+hzhhRKUx3oxxTL77sxuwnlkOhxBI8SqTTDI4qWMRSgqv8UxBTJA+9LUsnZ+wAoCG5O7Drw==
  dependencies:
    "@aws-cdk/aws-certificatemanager" "1.147.0"
    "@aws-cdk/aws-cloudwatch" "1.147.0"
    "@aws-cdk/aws-cognito" "1.147.0"
    "@aws-cdk/aws-ec2" "1.147.0"
    "@aws-cdk/aws-elasticloadbalancingv2" "1.147.0"
    "@aws-cdk/aws-iam" "1.147.0"
    "@aws-cdk/aws-lambda" "1.147.0"
    "@aws-cdk/aws-logs" "1.147.0"
    "@aws-cdk/aws-s3" "1.147.0"
    "@aws-cdk/aws-s3-assets" "1.147.0"
    "@aws-cdk/aws-stepfunctions" "1.147.0"
    "@aws-cdk/core" "1.147.0"
    "@aws-cdk/cx-api" "1.147.0"
    constructs "^3.3.69"

"@aws-cdk/aws-applicationautoscaling@1.147.0":
  version "1.147.0"
  resolved "https://registry.yarnpkg.com/@aws-cdk/aws-applicationautoscaling/-/aws-applicationautoscaling-1.147.0.tgz#8949861ed25ff5832b5d2bc56291d178d49ee0f6"
  integrity sha512-pplTpCdgP9EjjSCsoFW9vjTp2XywDb22pTX/LRuc0dt5DDFmWxeKJyGpBkdcMDtrc8F4zrBV+T3qFy6pLzKJkA==
  dependencies:
    "@aws-cdk/aws-autoscaling-common" "1.147.0"
    "@aws-cdk/aws-cloudwatch" "1.147.0"
    "@aws-cdk/aws-iam" "1.147.0"
    "@aws-cdk/core" "1.147.0"
    constructs "^3.3.69"

"@aws-cdk/aws-autoscaling-common@1.147.0":
  version "1.147.0"
  resolved "https://registry.yarnpkg.com/@aws-cdk/aws-autoscaling-common/-/aws-autoscaling-common-1.147.0.tgz#994ecb12fd5c6ac39d973212d25f5c5b39558dce"
  integrity sha512-NyzmbXP51rbK0/UPt6jy5BQqAfZrShABwMLPEhqeLRCkQqMmA2QkmkGebbTLWoCC1Kg5APsyx0Dm1/Wi1DNcCA==
  dependencies:
    "@aws-cdk/aws-iam" "1.147.0"
    "@aws-cdk/core" "1.147.0"
    constructs "^3.3.69"

"@aws-cdk/aws-autoscaling-hooktargets@1.147.0":
  version "1.147.0"
  resolved "https://registry.yarnpkg.com/@aws-cdk/aws-autoscaling-hooktargets/-/aws-autoscaling-hooktargets-1.147.0.tgz#489a40db16e39a9e1d9887dd8de9f6ddca868500"
  integrity sha512-SVJ/7jkad41EojtzouXDvNMEorAsImIqJhthEb5MwRVPL0BmffzN/xnwEcWRYsS4Vef23ISoxcDFLmU/6Ft40g==
  dependencies:
    "@aws-cdk/aws-autoscaling" "1.147.0"
    "@aws-cdk/aws-iam" "1.147.0"
    "@aws-cdk/aws-kms" "1.147.0"
    "@aws-cdk/aws-lambda" "1.147.0"
    "@aws-cdk/aws-sns" "1.147.0"
    "@aws-cdk/aws-sns-subscriptions" "1.147.0"
    "@aws-cdk/aws-sqs" "1.147.0"
    "@aws-cdk/core" "1.147.0"
    constructs "^3.3.69"

"@aws-cdk/aws-autoscaling@1.147.0":
  version "1.147.0"
  resolved "https://registry.yarnpkg.com/@aws-cdk/aws-autoscaling/-/aws-autoscaling-1.147.0.tgz#d0580f8fa1b0b0a2760ef85045a2dd20a0c8fe42"
  integrity sha512-MZrWcICu54LF0CME2ISaIUm+uwmNethvvR2Qt9igLV5u3RI7MV8Aqcelz7Jko0R9Mhs+hC4uB++MmjHApvZKsg==
  dependencies:
    "@aws-cdk/aws-autoscaling-common" "1.147.0"
    "@aws-cdk/aws-cloudwatch" "1.147.0"
    "@aws-cdk/aws-ec2" "1.147.0"
    "@aws-cdk/aws-elasticloadbalancing" "1.147.0"
    "@aws-cdk/aws-elasticloadbalancingv2" "1.147.0"
    "@aws-cdk/aws-iam" "1.147.0"
    "@aws-cdk/aws-sns" "1.147.0"
    "@aws-cdk/core" "1.147.0"
    constructs "^3.3.69"

"@aws-cdk/aws-certificatemanager@1.147.0":
  version "1.147.0"
  resolved "https://registry.yarnpkg.com/@aws-cdk/aws-certificatemanager/-/aws-certificatemanager-1.147.0.tgz#ee78ca8722c7bd623cfd1e23eab3877e70a34811"
  integrity sha512-g46IR2ymXE/o/4txjvFxGJntEhL8BCUjRKE1g/iS/W4OgocN48xFWVWGcZlr3htdUJpsdIKpZpd2LB6WiKGw3A==
  dependencies:
    "@aws-cdk/aws-acmpca" "1.147.0"
    "@aws-cdk/aws-cloudwatch" "1.147.0"
    "@aws-cdk/aws-iam" "1.147.0"
    "@aws-cdk/aws-lambda" "1.147.0"
    "@aws-cdk/aws-route53" "1.147.0"
    "@aws-cdk/core" "1.147.0"
    constructs "^3.3.69"

"@aws-cdk/aws-cloudformation@1.147.0":
  version "1.147.0"
  resolved "https://registry.yarnpkg.com/@aws-cdk/aws-cloudformation/-/aws-cloudformation-1.147.0.tgz#dfd2eb59870692046818a29baf5b042fd40cd202"
  integrity sha512-3qmi6RLY+y2GslTeyCQaIGOPs50PLsDLVkV5Lwo+S9ihGPmMWYvt3+kIlIFYSBpaoLR8eKqTmuvQG5ruq2Y9pA==
  dependencies:
    "@aws-cdk/aws-iam" "1.147.0"
    "@aws-cdk/aws-lambda" "1.147.0"
    "@aws-cdk/aws-s3" "1.147.0"
    "@aws-cdk/aws-sns" "1.147.0"
    "@aws-cdk/core" "1.147.0"
    "@aws-cdk/cx-api" "1.147.0"
    constructs "^3.3.69"

"@aws-cdk/aws-cloudfront@1.147.0":
  version "1.147.0"
  resolved "https://registry.yarnpkg.com/@aws-cdk/aws-cloudfront/-/aws-cloudfront-1.147.0.tgz#452cc4dc0ee1054ac40db966b133de66c1c12c07"
  integrity sha512-UuYhX4n0YGocFoQnHa9qDaIEoI0G5nIg5ZIx101k0xnrX9YIz+70pu+YiLUqz08vwkRd0HZ0HREYrQHY8u6BFg==
  dependencies:
    "@aws-cdk/aws-certificatemanager" "1.147.0"
    "@aws-cdk/aws-cloudwatch" "1.147.0"
    "@aws-cdk/aws-ec2" "1.147.0"
    "@aws-cdk/aws-iam" "1.147.0"
    "@aws-cdk/aws-kms" "1.147.0"
    "@aws-cdk/aws-lambda" "1.147.0"
    "@aws-cdk/aws-s3" "1.147.0"
    "@aws-cdk/aws-ssm" "1.147.0"
    "@aws-cdk/core" "1.147.0"
    "@aws-cdk/cx-api" "1.147.0"
    constructs "^3.3.69"

"@aws-cdk/aws-cloudwatch@1.147.0":
  version "1.147.0"
  resolved "https://registry.yarnpkg.com/@aws-cdk/aws-cloudwatch/-/aws-cloudwatch-1.147.0.tgz#f559c749acdfab1417339324d2bcbd1f1916a748"
  integrity sha512-wyGbnzzCfULzOwNiqSPrDZPigy6svOcnZwUheu6dmzL7qxo1UHVj2hVCjTLbN7AtBx9WG3Rs70C6+WTqXQnYmQ==
  dependencies:
    "@aws-cdk/aws-iam" "1.147.0"
    "@aws-cdk/core" "1.147.0"
    constructs "^3.3.69"

"@aws-cdk/aws-codebuild@1.147.0":
  version "1.147.0"
  resolved "https://registry.yarnpkg.com/@aws-cdk/aws-codebuild/-/aws-codebuild-1.147.0.tgz#6d72ae36456664c59c37da12179ebc4a2306f223"
  integrity sha512-QhBFJGxJhGcyBAx0/RTcqx0jMRyl8orqW2XDf3fs6E7H/bXjJjz168suHKb2OHN+21ZRYnAzxIDqyaYHzKr/Vg==
  dependencies:
    "@aws-cdk/assets" "1.147.0"
    "@aws-cdk/aws-cloudwatch" "1.147.0"
    "@aws-cdk/aws-codecommit" "1.147.0"
    "@aws-cdk/aws-codestarnotifications" "1.147.0"
    "@aws-cdk/aws-ec2" "1.147.0"
    "@aws-cdk/aws-ecr" "1.147.0"
    "@aws-cdk/aws-ecr-assets" "1.147.0"
    "@aws-cdk/aws-events" "1.147.0"
    "@aws-cdk/aws-iam" "1.147.0"
    "@aws-cdk/aws-kms" "1.147.0"
    "@aws-cdk/aws-logs" "1.147.0"
    "@aws-cdk/aws-s3" "1.147.0"
    "@aws-cdk/aws-s3-assets" "1.147.0"
    "@aws-cdk/aws-secretsmanager" "1.147.0"
    "@aws-cdk/core" "1.147.0"
    "@aws-cdk/region-info" "1.147.0"
    constructs "^3.3.69"
    yaml "1.10.2"

"@aws-cdk/aws-codecommit@1.147.0":
  version "1.147.0"
  resolved "https://registry.yarnpkg.com/@aws-cdk/aws-codecommit/-/aws-codecommit-1.147.0.tgz#d1cb694230f159039c69ec1c585d12b3bc131982"
  integrity sha512-+2Z96JI0VYegoBdAkr/jwGyW4m4+KDcN0lzWlN0ZhUOAB/bTMz0XLMg5YmTEZSUXsytaOWI1yBbPDTGVtQ2s+Q==
  dependencies:
    "@aws-cdk/aws-codestarnotifications" "1.147.0"
    "@aws-cdk/aws-events" "1.147.0"
    "@aws-cdk/aws-iam" "1.147.0"
    "@aws-cdk/aws-s3-assets" "1.147.0"
    "@aws-cdk/core" "1.147.0"
    constructs "^3.3.69"

"@aws-cdk/aws-codeguruprofiler@1.147.0":
  version "1.147.0"
  resolved "https://registry.yarnpkg.com/@aws-cdk/aws-codeguruprofiler/-/aws-codeguruprofiler-1.147.0.tgz#3c303be558b1fd1fea227a31402712e4c37eb929"
  integrity sha512-ykEENwhVKCI7WNIm2AjmiT2r+FxpNjt4tXdzWYEviJUr4h4LWnae7IHgfVPDeUXYZaEXnaajvAxXMkTROUJxAA==
  dependencies:
    "@aws-cdk/aws-iam" "1.147.0"
    "@aws-cdk/core" "1.147.0"
    constructs "^3.3.69"

"@aws-cdk/aws-codepipeline@1.147.0":
  version "1.147.0"
  resolved "https://registry.yarnpkg.com/@aws-cdk/aws-codepipeline/-/aws-codepipeline-1.147.0.tgz#75c6ce421e3b80efa8ad86cebecf649b1166a5fa"
  integrity sha512-zX5ZRgvc5RaACcJqwhhtky1f/KW0OuT6jLyCaDhB7atakkv5e669Ry44pK1QLE21/eCHG//4h78VxuHo4T02PA==
  dependencies:
    "@aws-cdk/aws-codestarnotifications" "1.147.0"
    "@aws-cdk/aws-events" "1.147.0"
    "@aws-cdk/aws-iam" "1.147.0"
    "@aws-cdk/aws-kms" "1.147.0"
    "@aws-cdk/aws-s3" "1.147.0"
    "@aws-cdk/core" "1.147.0"
    constructs "^3.3.69"

"@aws-cdk/aws-codestarnotifications@1.147.0":
  version "1.147.0"
  resolved "https://registry.yarnpkg.com/@aws-cdk/aws-codestarnotifications/-/aws-codestarnotifications-1.147.0.tgz#20582ad202236835fd42498f3a2379435d6848b0"
  integrity sha512-+WOLDECaq7+fI5gIUJCi+svfHMC8+mfpL8hrV0a0rubTV3mHFoHv/vcdwYK5lW8X4PgfdWKbGUeBHoVweuIVBA==
  dependencies:
    "@aws-cdk/core" "1.147.0"
    constructs "^3.3.69"

"@aws-cdk/aws-cognito@1.147.0":
  version "1.147.0"
  resolved "https://registry.yarnpkg.com/@aws-cdk/aws-cognito/-/aws-cognito-1.147.0.tgz#00c99dca4a4bc5dd4a52b0ba77ef0dfff7613f39"
  integrity sha512-i1DzRBVxDx4OQDj/h3tqowYxyy+hc6lgvdK7yoqNYlF+9qL8nvOF/Gqng9JjJ3WsdEh3k/SPiOtHw4LsbrGo4A==
  dependencies:
    "@aws-cdk/aws-certificatemanager" "1.147.0"
    "@aws-cdk/aws-iam" "1.147.0"
    "@aws-cdk/aws-kms" "1.147.0"
    "@aws-cdk/aws-lambda" "1.147.0"
    "@aws-cdk/core" "1.147.0"
    "@aws-cdk/custom-resources" "1.147.0"
    constructs "^3.3.69"
    punycode "^2.1.1"

"@aws-cdk/aws-dynamodb@1.147.0":
  version "1.147.0"
  resolved "https://registry.yarnpkg.com/@aws-cdk/aws-dynamodb/-/aws-dynamodb-1.147.0.tgz#14dea1b7ccbe8f985a17535fa35fe742716d54cd"
  integrity sha512-+uae79csAi8Gt+2o5PLSLSkgx3jo1bUHsnEmNUip/sDEaHGP+bhoZAmOMj38mZwiN6Tj91uibEKU9MMquvDGYQ==
  dependencies:
    "@aws-cdk/aws-applicationautoscaling" "1.147.0"
    "@aws-cdk/aws-cloudwatch" "1.147.0"
    "@aws-cdk/aws-iam" "1.147.0"
    "@aws-cdk/aws-kinesis" "1.147.0"
    "@aws-cdk/aws-kms" "1.147.0"
    "@aws-cdk/aws-lambda" "1.147.0"
    "@aws-cdk/core" "1.147.0"
    "@aws-cdk/custom-resources" "1.147.0"
    constructs "^3.3.69"

"@aws-cdk/aws-ec2@1.147.0", "@aws-cdk/aws-ec2@^1.147.0":
  version "1.147.0"
  resolved "https://registry.yarnpkg.com/@aws-cdk/aws-ec2/-/aws-ec2-1.147.0.tgz#6bbddf4c239bfe2ab92372a00cadcd39bc9d1794"
  integrity sha512-rTb3BDrkog388k+OJnYWBltbjAfH8f7+NuXdlaxXyWCzl3yWqzHfEYVGUUQ6WpWZd7MiogOpL5JUY4e+Ch+SXw==
  dependencies:
    "@aws-cdk/aws-cloudwatch" "1.147.0"
    "@aws-cdk/aws-iam" "1.147.0"
    "@aws-cdk/aws-kms" "1.147.0"
    "@aws-cdk/aws-logs" "1.147.0"
    "@aws-cdk/aws-s3" "1.147.0"
    "@aws-cdk/aws-s3-assets" "1.147.0"
    "@aws-cdk/aws-ssm" "1.147.0"
    "@aws-cdk/cloud-assembly-schema" "1.147.0"
    "@aws-cdk/core" "1.147.0"
    "@aws-cdk/cx-api" "1.147.0"
    "@aws-cdk/region-info" "1.147.0"
    constructs "^3.3.69"

"@aws-cdk/aws-ecr-assets@1.147.0":
  version "1.147.0"
  resolved "https://registry.yarnpkg.com/@aws-cdk/aws-ecr-assets/-/aws-ecr-assets-1.147.0.tgz#cb3a8be97534a3619edccf5cc2b4afc0da5d4262"
  integrity sha512-04CpHNgBZ6el8Z9cH06kRyqK7QyazlF0AJVi2yIs1Xcg7gt4zh/P0mUneEW3o7Wy4NQeOQYmKC7IoPht6qfB+A==
  dependencies:
    "@aws-cdk/assets" "1.147.0"
    "@aws-cdk/aws-ecr" "1.147.0"
    "@aws-cdk/aws-iam" "1.147.0"
    "@aws-cdk/aws-s3" "1.147.0"
    "@aws-cdk/core" "1.147.0"
    "@aws-cdk/cx-api" "1.147.0"
    constructs "^3.3.69"

"@aws-cdk/aws-ecr@1.147.0":
  version "1.147.0"
  resolved "https://registry.yarnpkg.com/@aws-cdk/aws-ecr/-/aws-ecr-1.147.0.tgz#335c892900c0e17276503eae4e2797f5877f1b3b"
  integrity sha512-vwcupBCw3hoCS8tjoJHiYsFJ2cVeCr/4a/l2q12xZH0oyf9qMZye0cfIdZqIwRVABVgnbrcAH9eZZf8mvCb1vQ==
  dependencies:
    "@aws-cdk/aws-events" "1.147.0"
    "@aws-cdk/aws-iam" "1.147.0"
    "@aws-cdk/aws-kms" "1.147.0"
    "@aws-cdk/core" "1.147.0"
    constructs "^3.3.69"

"@aws-cdk/aws-ecs@1.147.0":
  version "1.147.0"
  resolved "https://registry.yarnpkg.com/@aws-cdk/aws-ecs/-/aws-ecs-1.147.0.tgz#e66f0e67872898ad802e47ab37e0f5c2f28c0e35"
  integrity sha512-YwYh50p3YYlQJrcF/DkvP8Q47zlYGn4B4WlqiNh6fGc70/QCXHziEszoTn5Bqy7HYbsxCfiGHKUZ8ROLYWxPXg==
  dependencies:
    "@aws-cdk/aws-applicationautoscaling" "1.147.0"
    "@aws-cdk/aws-autoscaling" "1.147.0"
    "@aws-cdk/aws-autoscaling-hooktargets" "1.147.0"
    "@aws-cdk/aws-certificatemanager" "1.147.0"
    "@aws-cdk/aws-cloudwatch" "1.147.0"
    "@aws-cdk/aws-ec2" "1.147.0"
    "@aws-cdk/aws-ecr" "1.147.0"
    "@aws-cdk/aws-ecr-assets" "1.147.0"
    "@aws-cdk/aws-elasticloadbalancing" "1.147.0"
    "@aws-cdk/aws-elasticloadbalancingv2" "1.147.0"
    "@aws-cdk/aws-iam" "1.147.0"
    "@aws-cdk/aws-kms" "1.147.0"
    "@aws-cdk/aws-lambda" "1.147.0"
    "@aws-cdk/aws-logs" "1.147.0"
    "@aws-cdk/aws-route53" "1.147.0"
    "@aws-cdk/aws-route53-targets" "1.147.0"
    "@aws-cdk/aws-s3" "1.147.0"
    "@aws-cdk/aws-s3-assets" "1.147.0"
    "@aws-cdk/aws-secretsmanager" "1.147.0"
    "@aws-cdk/aws-servicediscovery" "1.147.0"
    "@aws-cdk/aws-sns" "1.147.0"
    "@aws-cdk/aws-sqs" "1.147.0"
    "@aws-cdk/aws-ssm" "1.147.0"
    "@aws-cdk/core" "1.147.0"
    "@aws-cdk/cx-api" "1.147.0"
    constructs "^3.3.69"

"@aws-cdk/aws-efs@1.147.0":
  version "1.147.0"
  resolved "https://registry.yarnpkg.com/@aws-cdk/aws-efs/-/aws-efs-1.147.0.tgz#1c791feeb28a96a8b2b57010422ea3dbedec1b8b"
  integrity sha512-gAi9vUBrvGOdLNqP7ORlgsIn4ZhLJQW1bK8vYrYpSMLDcTUf2kyo/xVoLMSm3YQ7UG75CrRqaKpSTBKhgMkRYg==
  dependencies:
    "@aws-cdk/aws-ec2" "1.147.0"
    "@aws-cdk/aws-iam" "1.147.0"
    "@aws-cdk/aws-kms" "1.147.0"
    "@aws-cdk/cloud-assembly-schema" "1.147.0"
    "@aws-cdk/core" "1.147.0"
    "@aws-cdk/cx-api" "1.147.0"
    constructs "^3.3.69"

"@aws-cdk/aws-elasticloadbalancing@1.147.0":
  version "1.147.0"
  resolved "https://registry.yarnpkg.com/@aws-cdk/aws-elasticloadbalancing/-/aws-elasticloadbalancing-1.147.0.tgz#593d59603e9f1b99793913aa5d674f2274337e37"
  integrity sha512-wwfxogTmWpYEcMSZJLFlLLkZBaiLTgTVMqgDOfmAdOWJA8PlYkhUJPMcpvPMc/5m5ibz+qlZUjwAcXG9cqGTDw==
  dependencies:
    "@aws-cdk/aws-ec2" "1.147.0"
    "@aws-cdk/core" "1.147.0"
    constructs "^3.3.69"

"@aws-cdk/aws-elasticloadbalancingv2@1.147.0":
  version "1.147.0"
  resolved "https://registry.yarnpkg.com/@aws-cdk/aws-elasticloadbalancingv2/-/aws-elasticloadbalancingv2-1.147.0.tgz#2975142617e89364aeba8c69fbc5213e42e178e3"
  integrity sha512-TvgaD6qEbWPZ3Ryx6jUYO5ivEwSk5FfBgD9pXfYc3x1NaD6zvPK0NCv8uoR0f8+i0xUfQqV3DONpVxkvgYKEPA==
  dependencies:
    "@aws-cdk/aws-certificatemanager" "1.147.0"
    "@aws-cdk/aws-cloudwatch" "1.147.0"
    "@aws-cdk/aws-ec2" "1.147.0"
    "@aws-cdk/aws-iam" "1.147.0"
    "@aws-cdk/aws-lambda" "1.147.0"
    "@aws-cdk/aws-s3" "1.147.0"
    "@aws-cdk/cloud-assembly-schema" "1.147.0"
    "@aws-cdk/core" "1.147.0"
    "@aws-cdk/cx-api" "1.147.0"
    "@aws-cdk/region-info" "1.147.0"
    constructs "^3.3.69"

"@aws-cdk/aws-events-targets@^1.147.0":
  version "1.147.0"
  resolved "https://registry.yarnpkg.com/@aws-cdk/aws-events-targets/-/aws-events-targets-1.147.0.tgz#fa73bf989eb7a088c6d55b213cd409a12b54b306"
  integrity sha512-E4ld+SWk2LkO1+rA+bMwUm/WrvTKDzfcrcZodQuYkdp7hJBHQgSGQmhO3pyC/s+1UeMvtv+eBHYsia3v1EKgiQ==
  dependencies:
    "@aws-cdk/aws-apigateway" "1.147.0"
    "@aws-cdk/aws-autoscaling" "1.147.0"
    "@aws-cdk/aws-codebuild" "1.147.0"
    "@aws-cdk/aws-codepipeline" "1.147.0"
    "@aws-cdk/aws-ec2" "1.147.0"
    "@aws-cdk/aws-ecs" "1.147.0"
    "@aws-cdk/aws-events" "1.147.0"
    "@aws-cdk/aws-iam" "1.147.0"
    "@aws-cdk/aws-kinesis" "1.147.0"
    "@aws-cdk/aws-kinesisfirehose" "1.147.0"
    "@aws-cdk/aws-kms" "1.147.0"
    "@aws-cdk/aws-lambda" "1.147.0"
    "@aws-cdk/aws-logs" "1.147.0"
    "@aws-cdk/aws-sns" "1.147.0"
    "@aws-cdk/aws-sns-subscriptions" "1.147.0"
    "@aws-cdk/aws-sqs" "1.147.0"
    "@aws-cdk/aws-stepfunctions" "1.147.0"
    "@aws-cdk/core" "1.147.0"
    "@aws-cdk/custom-resources" "1.147.0"
    constructs "^3.3.69"

"@aws-cdk/aws-events@1.147.0":
  version "1.147.0"
  resolved "https://registry.yarnpkg.com/@aws-cdk/aws-events/-/aws-events-1.147.0.tgz#da5adcb24e34c74ccbd88507e62640376126a7b7"
  integrity sha512-zTwcs6pwMJSBipW4KNw75DjUqzMSeqBglGpgI3GAXjnqWODiZJ5E6OdsIMqkd8OyvZ+fvbNhNbWAN67iqcbI1w==
  dependencies:
    "@aws-cdk/aws-iam" "1.147.0"
    "@aws-cdk/core" "1.147.0"
    constructs "^3.3.69"

"@aws-cdk/aws-globalaccelerator@1.147.0":
  version "1.147.0"
  resolved "https://registry.yarnpkg.com/@aws-cdk/aws-globalaccelerator/-/aws-globalaccelerator-1.147.0.tgz#ad3e1e11c62f796d70438ebc4e6641b9e350d329"
  integrity sha512-JzW9vcmUsBdyKki4NajeWK8OLZfwd3HQ1uuHNfrRBw2RA8C5/YVy7BO8mbPFxsK0G3EUCvPGEZhYTyTlLiDURg==
  dependencies:
    "@aws-cdk/aws-ec2" "1.147.0"
    "@aws-cdk/core" "1.147.0"
    "@aws-cdk/custom-resources" "1.147.0"
    constructs "^3.3.69"

"@aws-cdk/aws-iam@1.147.0", "@aws-cdk/aws-iam@^1.147.0":
  version "1.147.0"
  resolved "https://registry.yarnpkg.com/@aws-cdk/aws-iam/-/aws-iam-1.147.0.tgz#54382c9948cf71ba782b86ff77cfca413e5cea4f"
  integrity sha512-25YwRaXiOmlI1YZ+CquR7vru59S+Wo1VlAsOnpZpzQ9RJiSgleOL6Qquw1veTylDK7xp1pijUhQdevQ8GUuwFA==
  dependencies:
    "@aws-cdk/core" "1.147.0"
    "@aws-cdk/region-info" "1.147.0"
    constructs "^3.3.69"

"@aws-cdk/aws-kinesis@1.147.0":
  version "1.147.0"
  resolved "https://registry.yarnpkg.com/@aws-cdk/aws-kinesis/-/aws-kinesis-1.147.0.tgz#e45bef8dd63d4e89bdb1284217f941c21c155213"
  integrity sha512-Y+t3kdsb5qPsKg59bhQPlZfSIDfw89NbppkEdC7aLlvGzdWbBTv3hK3J3vRrSH4KLUYFaC/ylb9Ht6ZkEtfqEA==
  dependencies:
    "@aws-cdk/aws-cloudwatch" "1.147.0"
    "@aws-cdk/aws-iam" "1.147.0"
    "@aws-cdk/aws-kms" "1.147.0"
    "@aws-cdk/aws-logs" "1.147.0"
    "@aws-cdk/core" "1.147.0"
    constructs "^3.3.69"

"@aws-cdk/aws-kinesisfirehose@1.147.0":
  version "1.147.0"
  resolved "https://registry.yarnpkg.com/@aws-cdk/aws-kinesisfirehose/-/aws-kinesisfirehose-1.147.0.tgz#7d701c51c6b5d93f3b99324ac5f54de43d6f164f"
  integrity sha512-Q7xcreJeGrRPml+V1agH4nrlrvJR5R/AYzVpewAKpz/Gc8hPC0BSsI8q6zU6IO3BlSxP7m7kVaTk95qrt7M5Tw==
  dependencies:
    "@aws-cdk/aws-cloudwatch" "1.147.0"
    "@aws-cdk/aws-ec2" "1.147.0"
    "@aws-cdk/aws-iam" "1.147.0"
    "@aws-cdk/aws-kinesis" "1.147.0"
    "@aws-cdk/aws-kms" "1.147.0"
    "@aws-cdk/aws-lambda" "1.147.0"
    "@aws-cdk/aws-logs" "1.147.0"
    "@aws-cdk/aws-s3" "1.147.0"
    "@aws-cdk/core" "1.147.0"
    "@aws-cdk/region-info" "1.147.0"
    constructs "^3.3.69"

"@aws-cdk/aws-kms@1.147.0":
  version "1.147.0"
  resolved "https://registry.yarnpkg.com/@aws-cdk/aws-kms/-/aws-kms-1.147.0.tgz#6563efc32e1f55a3adb810964dd96342beb053cf"
  integrity sha512-O/BeiPXmWqETZKHgy1kYqcbMiMUVaC1BmB+zZnrk5j5Aivb19H9+1wLQ0uuXWQ8wfsrNKsg+nsjfiDGhGA71Qg==
  dependencies:
    "@aws-cdk/aws-iam" "1.147.0"
    "@aws-cdk/cloud-assembly-schema" "1.147.0"
    "@aws-cdk/core" "1.147.0"
    "@aws-cdk/cx-api" "1.147.0"
    constructs "^3.3.69"

"@aws-cdk/aws-lambda-event-sources@^1.147.0":
  version "1.147.0"
  resolved "https://registry.yarnpkg.com/@aws-cdk/aws-lambda-event-sources/-/aws-lambda-event-sources-1.147.0.tgz#2121022e978e62b0195204b4c3f33611ee95f2f6"
  integrity sha512-Pj8Wl4PLq/16NLkCtqxZqBK+HKhCGyW+vG1XaOOHBImcpriZhcibfd/PZ2ohLdelbSY5p06v/oJ7i2rL/HD85g==
  dependencies:
    "@aws-cdk/aws-apigateway" "1.147.0"
    "@aws-cdk/aws-dynamodb" "1.147.0"
    "@aws-cdk/aws-ec2" "1.147.0"
    "@aws-cdk/aws-events" "1.147.0"
    "@aws-cdk/aws-iam" "1.147.0"
    "@aws-cdk/aws-kinesis" "1.147.0"
    "@aws-cdk/aws-lambda" "1.147.0"
    "@aws-cdk/aws-s3" "1.147.0"
    "@aws-cdk/aws-s3-notifications" "1.147.0"
    "@aws-cdk/aws-secretsmanager" "1.147.0"
    "@aws-cdk/aws-sns" "1.147.0"
    "@aws-cdk/aws-sns-subscriptions" "1.147.0"
    "@aws-cdk/aws-sqs" "1.147.0"
    "@aws-cdk/core" "1.147.0"
    constructs "^3.3.69"

"@aws-cdk/aws-lambda@1.147.0", "@aws-cdk/aws-lambda@^1.147.0":
  version "1.147.0"
  resolved "https://registry.yarnpkg.com/@aws-cdk/aws-lambda/-/aws-lambda-1.147.0.tgz#ca63d7da9b3c5bd89f2bad960a93ebc47d1cc678"
  integrity sha512-zAU/jPN7zz/FNFBZCxq93iQuQqDMXVa8+DYay+p0/z+zivUZMyi9078xy8TrnrG59CZTiGiIDYMbmZOj2m5k6w==
  dependencies:
    "@aws-cdk/aws-applicationautoscaling" "1.147.0"
    "@aws-cdk/aws-cloudwatch" "1.147.0"
    "@aws-cdk/aws-codeguruprofiler" "1.147.0"
    "@aws-cdk/aws-ec2" "1.147.0"
    "@aws-cdk/aws-ecr" "1.147.0"
    "@aws-cdk/aws-ecr-assets" "1.147.0"
    "@aws-cdk/aws-efs" "1.147.0"
    "@aws-cdk/aws-events" "1.147.0"
    "@aws-cdk/aws-iam" "1.147.0"
    "@aws-cdk/aws-kms" "1.147.0"
    "@aws-cdk/aws-logs" "1.147.0"
    "@aws-cdk/aws-s3" "1.147.0"
    "@aws-cdk/aws-s3-assets" "1.147.0"
    "@aws-cdk/aws-signer" "1.147.0"
    "@aws-cdk/aws-sns" "1.147.0"
    "@aws-cdk/aws-sqs" "1.147.0"
    "@aws-cdk/core" "1.147.0"
    "@aws-cdk/cx-api" "1.147.0"
    "@aws-cdk/region-info" "1.147.0"
    constructs "^3.3.69"

"@aws-cdk/aws-logs@1.147.0":
  version "1.147.0"
  resolved "https://registry.yarnpkg.com/@aws-cdk/aws-logs/-/aws-logs-1.147.0.tgz#f9bc0bf0cb9fea97d3d8f1ecc7708227751e19a0"
  integrity sha512-Rim34ijoHB+0KKdmURW3hqZj8GbgkUwxcU8MvlqAyFJtb2Ou0bq8F1drmEqC0OTV2cymlNLdFl6VqE8t0vkTMA==
  dependencies:
    "@aws-cdk/aws-cloudwatch" "1.147.0"
    "@aws-cdk/aws-iam" "1.147.0"
    "@aws-cdk/aws-kms" "1.147.0"
    "@aws-cdk/aws-s3-assets" "1.147.0"
    "@aws-cdk/core" "1.147.0"
    "@aws-cdk/cx-api" "1.147.0"
    constructs "^3.3.69"

"@aws-cdk/aws-route53-targets@1.147.0":
  version "1.147.0"
  resolved "https://registry.yarnpkg.com/@aws-cdk/aws-route53-targets/-/aws-route53-targets-1.147.0.tgz#aaa049fafa07b152ff10999dc588a38c1abdb5ce"
  integrity sha512-b7xinT/0/7UY0wkkeB30QCYMSmIcm2UAJR5fE3YtKiAyS0Xp8n1ADSPyVeafu6/E4/o3MyOOuXvBhFy1/Q4Tug==
  dependencies:
    "@aws-cdk/aws-apigateway" "1.147.0"
    "@aws-cdk/aws-cloudfront" "1.147.0"
    "@aws-cdk/aws-cognito" "1.147.0"
    "@aws-cdk/aws-ec2" "1.147.0"
    "@aws-cdk/aws-elasticloadbalancing" "1.147.0"
    "@aws-cdk/aws-elasticloadbalancingv2" "1.147.0"
    "@aws-cdk/aws-globalaccelerator" "1.147.0"
    "@aws-cdk/aws-iam" "1.147.0"
    "@aws-cdk/aws-route53" "1.147.0"
    "@aws-cdk/aws-s3" "1.147.0"
    "@aws-cdk/core" "1.147.0"
    "@aws-cdk/region-info" "1.147.0"
    constructs "^3.3.69"

"@aws-cdk/aws-route53@1.147.0":
  version "1.147.0"
  resolved "https://registry.yarnpkg.com/@aws-cdk/aws-route53/-/aws-route53-1.147.0.tgz#4cc277b23fa5fe3060bee55bac361e49ea66299c"
  integrity sha512-qksNZa/RgRqHlkwYqCdTqMt9invUk5hoMlZSlFjH0o6p70Xhr8upAzOuIbEPOxxcOXethdRmfyzrrceHud30mg==
  dependencies:
    "@aws-cdk/aws-ec2" "1.147.0"
    "@aws-cdk/aws-iam" "1.147.0"
    "@aws-cdk/aws-logs" "1.147.0"
    "@aws-cdk/cloud-assembly-schema" "1.147.0"
    "@aws-cdk/core" "1.147.0"
    "@aws-cdk/custom-resources" "1.147.0"
    constructs "^3.3.69"

"@aws-cdk/aws-s3-assets@1.147.0":
  version "1.147.0"
  resolved "https://registry.yarnpkg.com/@aws-cdk/aws-s3-assets/-/aws-s3-assets-1.147.0.tgz#c5cdb56f8df307f53c74c7cb350cca73063b45ac"
  integrity sha512-7qRsjsqbLZKsGmwPzA3bMqnVd7bcKsOZEGSbl5UoY2U9UaMgOX5Lev53dDsh4qW9QSwXm0qBJTDeJwRrHfGaLQ==
  dependencies:
    "@aws-cdk/assets" "1.147.0"
    "@aws-cdk/aws-iam" "1.147.0"
    "@aws-cdk/aws-kms" "1.147.0"
    "@aws-cdk/aws-s3" "1.147.0"
    "@aws-cdk/core" "1.147.0"
    "@aws-cdk/cx-api" "1.147.0"
    constructs "^3.3.69"

"@aws-cdk/aws-s3-notifications@1.147.0":
  version "1.147.0"
  resolved "https://registry.yarnpkg.com/@aws-cdk/aws-s3-notifications/-/aws-s3-notifications-1.147.0.tgz#9ad1b5664089de2f4a2fd29ff0fb4a216ffa51b5"
  integrity sha512-J7krYvbO4GOifRRaANGpYD0g35iR11LNOWT+dqK/RFbBOQwvl4sqBW9wpdujGMCkNhd44Hh+X/+wdwqVGLwxUg==
  dependencies:
    "@aws-cdk/aws-iam" "1.147.0"
    "@aws-cdk/aws-kms" "1.147.0"
    "@aws-cdk/aws-lambda" "1.147.0"
    "@aws-cdk/aws-s3" "1.147.0"
    "@aws-cdk/aws-sns" "1.147.0"
    "@aws-cdk/aws-sqs" "1.147.0"
    "@aws-cdk/core" "1.147.0"
    constructs "^3.3.69"

"@aws-cdk/aws-s3@1.147.0":
  version "1.147.0"
  resolved "https://registry.yarnpkg.com/@aws-cdk/aws-s3/-/aws-s3-1.147.0.tgz#76ccbd9d5900a8e792bbbe6e993d9e4ab17a06b7"
  integrity sha512-vkk8hy8Utpximxx5k7HXM+VBYa+63xIg1N669FZ7rKfVEZ/H3ZEezRzPG9b5pNDwk4w6nh0VfYB7Ckgj/+lKxw==
  dependencies:
    "@aws-cdk/aws-events" "1.147.0"
    "@aws-cdk/aws-iam" "1.147.0"
    "@aws-cdk/aws-kms" "1.147.0"
    "@aws-cdk/core" "1.147.0"
    "@aws-cdk/cx-api" "1.147.0"
    constructs "^3.3.69"

"@aws-cdk/aws-sam@1.147.0":
  version "1.147.0"
  resolved "https://registry.yarnpkg.com/@aws-cdk/aws-sam/-/aws-sam-1.147.0.tgz#06add93f4bb2cde742bf39bbcba668449616da59"
  integrity sha512-izUhQa57eWVDHy8U3JaJ2g27pkDEuzLcnciVeW53/vIA7gVF9LVYW9Oy2nuPkdJOcuAWWuSHzhFW3NoYw9mx6g==
  dependencies:
    "@aws-cdk/core" "1.147.0"
    constructs "^3.3.69"

"@aws-cdk/aws-secretsmanager@1.147.0":
  version "1.147.0"
  resolved "https://registry.yarnpkg.com/@aws-cdk/aws-secretsmanager/-/aws-secretsmanager-1.147.0.tgz#7e43c051fddb466573b6f4134416a1b6452365fc"
  integrity sha512-udj7AN8J38kKLXDMfyEqercmtJKF09yqLdmas0XtlRacl+qw7MNkAWQPWEOQ8IOlZRGcPZ83DLAdYrQE++RoEw==
  dependencies:
    "@aws-cdk/aws-ec2" "1.147.0"
    "@aws-cdk/aws-iam" "1.147.0"
    "@aws-cdk/aws-kms" "1.147.0"
    "@aws-cdk/aws-lambda" "1.147.0"
    "@aws-cdk/aws-sam" "1.147.0"
    "@aws-cdk/core" "1.147.0"
    "@aws-cdk/cx-api" "1.147.0"
    constructs "^3.3.69"

"@aws-cdk/aws-servicediscovery@1.147.0":
  version "1.147.0"
  resolved "https://registry.yarnpkg.com/@aws-cdk/aws-servicediscovery/-/aws-servicediscovery-1.147.0.tgz#8b7348376f40645f6d357fa40408cc46655266de"
  integrity sha512-AKDn/jxM3jv/8iSMAa98ZC8cl37kWU66I/E7gClNPP1SeprEiQUl8M4hEjLA4e29JyZj1afeTl5GBMK5KC95EA==
  dependencies:
    "@aws-cdk/aws-ec2" "1.147.0"
    "@aws-cdk/aws-elasticloadbalancingv2" "1.147.0"
    "@aws-cdk/aws-route53" "1.147.0"
    "@aws-cdk/core" "1.147.0"
    constructs "^3.3.69"

"@aws-cdk/aws-signer@1.147.0":
  version "1.147.0"
  resolved "https://registry.yarnpkg.com/@aws-cdk/aws-signer/-/aws-signer-1.147.0.tgz#90686cf3a66c40cf39ba505757a48d8b5bea094b"
  integrity sha512-N42OxAqHXXNITurUBBddbWlzcr4PiXR7gM1gV9YvCI163eZUuKREuqtfhD8rmBAjMp6TJVDna3gAaySY+zNoBA==
  dependencies:
    "@aws-cdk/core" "1.147.0"
    constructs "^3.3.69"

"@aws-cdk/aws-sns-subscriptions@1.147.0":
  version "1.147.0"
  resolved "https://registry.yarnpkg.com/@aws-cdk/aws-sns-subscriptions/-/aws-sns-subscriptions-1.147.0.tgz#3b96c21cd9beeec1fd1297e2ead7f8916c04be01"
  integrity sha512-MDfGqQddrB77+fHVAZYQYq9F47FuXQMBd0sOQwueLSShwIJQWyH3Fei2fZ2sH4M/N81fjSpHJ5VscPtl1T9lfw==
  dependencies:
    "@aws-cdk/aws-iam" "1.147.0"
    "@aws-cdk/aws-kms" "1.147.0"
    "@aws-cdk/aws-lambda" "1.147.0"
    "@aws-cdk/aws-sns" "1.147.0"
    "@aws-cdk/aws-sqs" "1.147.0"
    "@aws-cdk/core" "1.147.0"
    constructs "^3.3.69"

"@aws-cdk/aws-sns@1.147.0":
  version "1.147.0"
  resolved "https://registry.yarnpkg.com/@aws-cdk/aws-sns/-/aws-sns-1.147.0.tgz#d452fd2b0a87957173d1e7c9e652fb2a0caf398a"
  integrity sha512-j3eQetou0V/QRSvnP8G6zLryFN481BVEP4pkDjXmW4e/5tdHhj4Diy12SbrY8niwwzVj9gftsDmu9WEk+rAHQw==
  dependencies:
    "@aws-cdk/aws-cloudwatch" "1.147.0"
    "@aws-cdk/aws-codestarnotifications" "1.147.0"
    "@aws-cdk/aws-events" "1.147.0"
    "@aws-cdk/aws-iam" "1.147.0"
    "@aws-cdk/aws-kms" "1.147.0"
    "@aws-cdk/aws-sqs" "1.147.0"
    "@aws-cdk/core" "1.147.0"
    constructs "^3.3.69"

"@aws-cdk/aws-sqs@1.147.0", "@aws-cdk/aws-sqs@^1.147.0":
  version "1.147.0"
  resolved "https://registry.yarnpkg.com/@aws-cdk/aws-sqs/-/aws-sqs-1.147.0.tgz#e7b2913e6c1d7780a4d43624c2be3dfc663bcc65"
  integrity sha512-76uRyNQJjTT8K82vgXfK4yCvFyt6YvKOVsSiOPtNK0ncu1dljgEIneIlP0pQIvyWODEV6Sgjh6z25yh6qP8KFw==
  dependencies:
    "@aws-cdk/aws-cloudwatch" "1.147.0"
    "@aws-cdk/aws-iam" "1.147.0"
    "@aws-cdk/aws-kms" "1.147.0"
    "@aws-cdk/core" "1.147.0"
    constructs "^3.3.69"

"@aws-cdk/aws-ssm@1.147.0":
  version "1.147.0"
  resolved "https://registry.yarnpkg.com/@aws-cdk/aws-ssm/-/aws-ssm-1.147.0.tgz#0d3b6f3a68e4f09519a8ea552679a031db1b92b5"
  integrity sha512-/FHY5sIEQR+EO3CqZ9zA/7CnaGBcmSdsaXsj/sKgPkmUoV2WFFJYlHpfs9AacpNQw9v+zWiSdsn5rOK/UPJvGg==
  dependencies:
    "@aws-cdk/aws-iam" "1.147.0"
    "@aws-cdk/aws-kms" "1.147.0"
    "@aws-cdk/cloud-assembly-schema" "1.147.0"
    "@aws-cdk/core" "1.147.0"
    constructs "^3.3.69"

"@aws-cdk/aws-stepfunctions@1.147.0":
  version "1.147.0"
  resolved "https://registry.yarnpkg.com/@aws-cdk/aws-stepfunctions/-/aws-stepfunctions-1.147.0.tgz#ebd5ade401d78463876ca3507f0801eab699da38"
  integrity sha512-+4fytzNZlI42O2bnTCV4b5bTO3N68fbOnea0Fhc6VOl31HBtaGphMQGCAd9qWZE4LH40CsmXv3W/W6VK9fVZSw==
  dependencies:
    "@aws-cdk/aws-cloudwatch" "1.147.0"
    "@aws-cdk/aws-events" "1.147.0"
    "@aws-cdk/aws-iam" "1.147.0"
    "@aws-cdk/aws-logs" "1.147.0"
    "@aws-cdk/aws-s3" "1.147.0"
    "@aws-cdk/core" "1.147.0"
    constructs "^3.3.69"

"@aws-cdk/cloud-assembly-schema@1.147.0":
  version "1.147.0"
  resolved "https://registry.yarnpkg.com/@aws-cdk/cloud-assembly-schema/-/cloud-assembly-schema-1.147.0.tgz#0c9cd4f87f4f099e58616bbe482d1a5fa5d8ee9d"
  integrity sha512-ht8ehqrn8WhvpOJYbgBGVeUm0R77T0eTH4ryDX+Tf5FvNal0SuQ9Alby4ujaP7JvnI04KT90EYPwxEXBkpQzPg==
  dependencies:
    jsonschema "^1.4.0"
    semver "^7.3.5"

"@aws-cdk/core@1.147.0", "@aws-cdk/core@^1.147.0":
  version "1.147.0"
  resolved "https://registry.yarnpkg.com/@aws-cdk/core/-/core-1.147.0.tgz#cf71432a3cd37d3bb30c3628bf4652e3ce673b8d"
  integrity sha512-mh4mA1NHKrHVVIKsOTnpgnimZnhXPL7YIy/wFPgjUjzqdACZvflBK0W0yB+8IJIAaqL2ft5F0fGKaDoFVVhq6w==
  dependencies:
    "@aws-cdk/cloud-assembly-schema" "1.147.0"
    "@aws-cdk/cx-api" "1.147.0"
    "@aws-cdk/region-info" "1.147.0"
    "@balena/dockerignore" "^1.0.2"
    constructs "^3.3.69"
    fs-extra "^9.1.0"
    ignore "^5.2.0"
    minimatch "^3.1.2"

"@aws-cdk/custom-resources@1.147.0":
  version "1.147.0"
  resolved "https://registry.yarnpkg.com/@aws-cdk/custom-resources/-/custom-resources-1.147.0.tgz#22267b744d25f0cc2e0fea3431ef7d4209ee1b86"
  integrity sha512-RbIFCHlXfxE59hYG8Uod/fh2Ids/nUyO/Z8KFQG0y+anyHEExbor9QDuvTDXncgXbQgXaog0UNsmWGEfaBbbBw==
  dependencies:
    "@aws-cdk/aws-cloudformation" "1.147.0"
    "@aws-cdk/aws-ec2" "1.147.0"
    "@aws-cdk/aws-iam" "1.147.0"
    "@aws-cdk/aws-lambda" "1.147.0"
    "@aws-cdk/aws-logs" "1.147.0"
    "@aws-cdk/aws-sns" "1.147.0"
    "@aws-cdk/core" "1.147.0"
    constructs "^3.3.69"

"@aws-cdk/cx-api@1.147.0":
  version "1.147.0"
  resolved "https://registry.yarnpkg.com/@aws-cdk/cx-api/-/cx-api-1.147.0.tgz#a781bb2c4984d6c95f5c950451994701d4d86f8f"
  integrity sha512-UUZubdiv3As/pT70MHA76bua3w+fhfFFPve71OFkqiF7jQKD92Tdii7ZqEDByTZp/OWNbdE5msZSEru5EsXJjw==
  dependencies:
    "@aws-cdk/cloud-assembly-schema" "1.147.0"
    semver "^7.3.5"

"@aws-cdk/region-info@1.147.0":
  version "1.147.0"
  resolved "https://registry.yarnpkg.com/@aws-cdk/region-info/-/region-info-1.147.0.tgz#072411858b187d2284416402ab5863b752e7e44a"
  integrity sha512-mSCQnR3fLwEqLF1G7VFQOfigIsA27uOVW0apViu3W5Rur0ERXGpcYM61PiEjt3T9cGV0N1uiPrfMY4RwIy2jfQ==

"@balena/dockerignore@^1.0.2":
  version "1.0.2"
  resolved "https://registry.yarnpkg.com/@balena/dockerignore/-/dockerignore-1.0.2.tgz#9ffe4726915251e8eb69f44ef3547e0da2c03e0d"
  integrity sha512-wMue2Sy4GAVTk6Ic4tJVcnfdau+gx2EnG7S+uAEe+TWJFqE4YoWN4/H8MSLj4eYJKxGg26lZwboEniNiNwZQ6Q==

at-least-node@^1.0.0:
  version "1.0.0"
  resolved "https://registry.yarnpkg.com/at-least-node/-/at-least-node-1.0.0.tgz#602cd4b46e844ad4effc92a8011a3c46e0238dc2"
  integrity sha512-+q/t7Ekv1EDY2l6Gda6LLiX14rU9TV20Wa3ofeQmwPFZbOMo9DXrLbOjFaaclkXKWidIaopwAObQDqwWtGUjqg==

balanced-match@^1.0.0:
  version "1.0.2"
  resolved "https://registry.yarnpkg.com/balanced-match/-/balanced-match-1.0.2.tgz#e83e3a7e3f300b34cb9d87f615fa0cbf357690ee"
  integrity sha512-3oSeUO0TMV67hN1AmbXsK4yaqU7tjiHlbxRDZOpH0KW9+CeX4bRAaX0Anxt0tx2MrpRpWwQaPwIlISEJhYU5Pw==

brace-expansion@^1.1.7:
  version "1.1.11"
  resolved "https://registry.yarnpkg.com/brace-expansion/-/brace-expansion-1.1.11.tgz#3c7fcbf529d87226f3d2f52b966ff5271eb441dd"
  integrity sha512-iCuPHDFgrHX7H2vEI/5xpz07zSHB00TpugqhmYtVmMO6518mCuRMoOYFldEBl0g187ufozdaHgWKcYFb61qGiA==
  dependencies:
    balanced-match "^1.0.0"
    concat-map "0.0.1"

concat-map@0.0.1:
  version "0.0.1"
  resolved "https://registry.yarnpkg.com/concat-map/-/concat-map-0.0.1.tgz#d8a96bd77fd68df7793a73036a3ba0d5405d477b"
  integrity sha1-2Klr13/Wjfd5OnMDajug1UBdR3s=

constructs@^3.3.69:
  version "3.3.235"
  resolved "https://registry.yarnpkg.com/constructs/-/constructs-3.3.235.tgz#cf347a911618c6d4cd7f547c1e5653fd7fe9da55"
  integrity sha512-dE8DfZ+81XE1njyvZeuTdsCXY52K6+0keIEr/H/j77snJn3TiReuhaaJK3ls6QS3BwC7Xn0QWQRff6WxBUfRYg==

fs-extra@^9.1.0:
  version "9.1.0"
  resolved "https://registry.yarnpkg.com/fs-extra/-/fs-extra-9.1.0.tgz#5954460c764a8da2094ba3554bf839e6b9a7c86d"
  integrity sha512-hcg3ZmepS30/7BSFqRvoo3DOMQu7IjqxO5nCDt+zM9XWjb33Wg7ziNT+Qvqbuc3+gWpzO02JubVyk2G4Zvo1OQ==
  dependencies:
    at-least-node "^1.0.0"
    graceful-fs "^4.2.0"
    jsonfile "^6.0.1"
    universalify "^2.0.0"

graceful-fs@^4.1.6, graceful-fs@^4.2.0:
  version "4.2.9"
  resolved "https://registry.yarnpkg.com/graceful-fs/-/graceful-fs-4.2.9.tgz#041b05df45755e587a24942279b9d113146e1c96"
  integrity sha512-NtNxqUcXgpW2iMrfqSfR73Glt39K+BLwWsPs94yR63v45T0Wbej7eRmL5cWfwEgqXnmjQp3zaJTshdRW/qC2ZQ==

ignore@^5.2.0:
  version "5.2.0"
  resolved "https://registry.yarnpkg.com/ignore/-/ignore-5.2.0.tgz#6d3bac8fa7fe0d45d9f9be7bac2fc279577e345a"
  integrity sha512-CmxgYGiEPCLhfLnpPp1MoRmifwEIOgjcHXxOBjv7mY96c+eWScsOP9c112ZyLdWHi0FxHjI+4uVhKYp/gcdRmQ==

jsonfile@^6.0.1:
  version "6.1.0"
  resolved "https://registry.yarnpkg.com/jsonfile/-/jsonfile-6.1.0.tgz#bc55b2634793c679ec6403094eb13698a6ec0aae"
  integrity sha512-5dgndWOriYSm5cnYaJNhalLNDKOqFwyDB/rr1E9ZsGciGvKPs8R2xYGCacuf3z6K1YKDz182fd+fY3cn3pMqXQ==
  dependencies:
    universalify "^2.0.0"
  optionalDependencies:
    graceful-fs "^4.1.6"

jsonschema@^1.4.0:
  version "1.4.0"
  resolved "https://registry.yarnpkg.com/jsonschema/-/jsonschema-1.4.0.tgz#1afa34c4bc22190d8e42271ec17ac8b3404f87b2"
  integrity sha512-/YgW6pRMr6M7C+4o8kS+B/2myEpHCrxO4PEWnqJNBFMjn7EWXqlQ4tGwL6xTHeRplwuZmcAncdvfOad1nT2yMw==

lru-cache@^6.0.0:
  version "6.0.0"
  resolved "https://registry.yarnpkg.com/lru-cache/-/lru-cache-6.0.0.tgz#6d6fe6570ebd96aaf90fcad1dafa3b2566db3a94"
  integrity sha512-Jo6dJ04CmSjuznwJSS3pUeWmd/H0ffTlkXXgwZi+eq1UCmqQwCh+eLsYOYCwY991i2Fah4h1BEMCx4qThGbsiA==
  dependencies:
    yallist "^4.0.0"

minimatch@^3.1.2:
  version "3.1.2"
  resolved "https://registry.yarnpkg.com/minimatch/-/minimatch-3.1.2.tgz#19cd194bfd3e428f049a70817c038d89ab4be35b"
  integrity sha512-J7p63hRiAjw1NDEww1W7i37+ByIrOWO5XQQAzZ3VOcL0PNybwpfmV/N05zFAzwQ9USyEcX6t3UO+K5aqBQOIHw==
  dependencies:
    brace-expansion "^1.1.7"

prettier@^2.5.1:
  version "2.5.1"
  resolved "https://registry.yarnpkg.com/prettier/-/prettier-2.5.1.tgz#fff75fa9d519c54cf0fce328c1017d94546bc56a"
  integrity sha512-vBZcPRUR5MZJwoyi3ZoyQlc1rXeEck8KgeC9AwwOn+exuxLxq5toTRDTSaVrXHxelDMHy9zlicw8u66yxoSUFg==

punycode@^2.1.1:
  version "2.1.1"
  resolved "https://registry.yarnpkg.com/punycode/-/punycode-2.1.1.tgz#b58b010ac40c22c5657616c8d2c2c02c7bf479ec"
  integrity sha512-XRsRjdf+j5ml+y/6GKHPZbrF/8p2Yga0JPtdqTIY2Xe5ohJPD9saDJJLPvp9+NSBprVvevdXZybnj2cv8OEd0A==

semver@^7.3.5:
  version "7.3.5"
  resolved "https://registry.yarnpkg.com/semver/-/semver-7.3.5.tgz#0b621c879348d8998e4b0e4be94b3f12e6018ef7"
  integrity sha512-PoeGJYh8HK4BTO/a9Tf6ZG3veo/A7ZVsYrSA6J8ny9nb3B1VrpkuN+z9OE5wfE5p6H4LchYZsegiQgbJD94ZFQ==
  dependencies:
    lru-cache "^6.0.0"

universalify@^2.0.0:
  version "2.0.0"
  resolved "https://registry.yarnpkg.com/universalify/-/universalify-2.0.0.tgz#75a4984efedc4b08975c5aeb73f530d02df25717"
  integrity sha512-hAZsKq7Yy11Zu1DE0OzWjw7nnLZmJZYTDZZyEFHZdUhV8FkH5MCfoU1XMaxXovpyW5nq5scPqq0ZDP9Zyl04oQ==

yallist@^4.0.0:
  version "4.0.0"
  resolved "https://registry.yarnpkg.com/yallist/-/yallist-4.0.0.tgz#9bb92790d9c0effec63be73519e11a35019a3a72"
  integrity sha512-3wdGidZyq5PB084XLES5TpOSRA3wjXAlIWMhum2kRcv/41Sn2emQ0dycQW4uZXLejwKvg6EsvbdlVL+FYEct7A==

yaml@1.10.2:
  version "1.10.2"
  resolved "https://registry.yarnpkg.com/yaml/-/yaml-1.10.2.tgz#2301c5ffbf12b467de8da2333a459e29e7920e4b"
  integrity sha512-r3vXyErRCYJ7wg28yvBY5VSoAF8ZvlcW9/BwUzEtUsjvX/DKs24dIkuwjtuprwJJHsbyUbLApepYTR1BN4uHrg==
